{
  "name": "chess_explorer",
  "lockfileVersion": 2,
  "requires": true,
  "packages": {
    "": {
      "dependencies": {
        "bad-words": "^3.0.4",
        "spam-check": "^1.0.0"
      }
    },
    "node_modules/bad-words": {
      "version": "3.0.4",
      "resolved": "https://registry.npmjs.org/bad-words/-/bad-words-3.0.4.tgz",
      "integrity": "sha512-v/Q9uRPH4+yzDVLL4vR1+S9KoFgOEUl5s4axd6NIAq8SV2mradgi4E8lma/Y0cw1ltVdvyegCQQKffCPRCp8fg==",
      "dependencies": {
        "badwords-list": "^1.0.0"
      },
      "engines": {
        "node": ">=8.0.0"
      }
    },
    "node_modules/badwords-list": {
      "version": "1.0.0",
      "resolved": "https://registry.npmjs.org/badwords-list/-/badwords-list-1.0.0.tgz",
      "integrity": "sha1-XphW2/E0gqKVw7CzBK+51M/FxXk="
    },
    "node_modules/spam-check": {
      "version": "1.0.0",
      "resolved": "https://registry.npmjs.org/spam-check/-/spam-check-1.0.0.tgz",
      "integrity": "sha512-MDFM5e7+JbuBU8QFjJuqRlkcyJlbX+zjpyjJiaV2z2cX0Kc0KOfuBaYGu9Ez/t8V66PE7RdQ3GNmjL8DIEtUqg=="
    }
  },
  "dependencies": {
    "bad-words": {
      "version": "3.0.4",
      "resolved": "https://registry.npmjs.org/bad-words/-/bad-words-3.0.4.tgz",
      "integrity": "sha512-v/Q9uRPH4+yzDVLL4vR1+S9KoFgOEUl5s4axd6NIAq8SV2mradgi4E8lma/Y0cw1ltVdvyegCQQKffCPRCp8fg==",
      "requires": {
        "badwords-list": "^1.0.0"
      }
    },
    "badwords-list": {
      "version": "1.0.0",
      "resolved": "https://registry.npmjs.org/badwords-list/-/badwords-list-1.0.0.tgz",
      "integrity": "sha1-XphW2/E0gqKVw7CzBK+51M/FxXk="
    },
    "spam-check": {
      "version": "1.0.0",
      "resolved": "https://registry.npmjs.org/spam-check/-/spam-check-1.0.0.tgz",
      "integrity": "sha512-MDFM5e7+JbuBU8QFjJuqRlkcyJlbX+zjpyjJiaV2z2cX0Kc0KOfuBaYGu9Ez/t8V66PE7RdQ3GNmjL8DIEtUqg=="
    }
  }
}
